
Microsoft Visual Studio Solution File, Format Version 12.00
# Visual Studio Version 17
VisualStudioVersion = 17.0.31903.59
MinimumVisualStudioVersion = 10.0.40219.1
Project("{FAE04EC0-301F-11D3-BF4B-00C04F79EFBC}") = "budget-backend", "budget-backend\budget-backend.csproj", "{BB051303-0BD2-4A88-9814-9A4823E1778E}"
EndProject
Project("{FAE04EC0-301F-11D3-BF4B-00C04F79EFBC}") = "budget-backend-unit-tests", "budget-backend-unit-tests\budget-backend-unit-tests.csproj", "{16C21B42-EB0B-40A8-9484-015C1708E07B}"
EndProject
Project("{FAE04EC0-301F-11D3-BF4B-00C04F79EFBC}") = "budet-backend-integration-tests", "budet-backend-integration-tests\budet-backend-integration-tests.csproj", "{C57F703B-6D4C-49C9-98E9-9AD6EE769096}"
EndProject
Global
	GlobalSection(SolutionConfigurationPlatforms) = preSolution
		Debug|Any CPU = Debug|Any CPU
		Release|Any CPU = Release|Any CPU
	EndGlobalSection
	GlobalSection(ProjectConfigurationPlatforms) = postSolution
		{BB051303-0BD2-4A88-9814-9A4823E1778E}.Debug|Any CPU.ActiveCfg = Debug|Any CPU
		{BB051303-0BD2-4A88-9814-9A4823E1778E}.Debug|Any CPU.Build.0 = Debug|Any CPU
		{BB051303-0BD2-4A88-9814-9A4823E1778E}.Release|Any CPU.ActiveCfg = Release|Any CPU
		{BB051303-0BD2-4A88-9814-9A4823E1778E}.Release|Any CPU.Build.0 = Release|Any CPU
		{16C21B42-EB0B-40A8-9484-015C1708E07B}.Debug|Any CPU.ActiveCfg = Debug|Any CPU
		{16C21B42-EB0B-40A8-9484-015C1708E07B}.Debug|Any CPU.Build.0 = Debug|Any CPU
		{16C21B42-EB0B-40A8-9484-015C1708E07B}.Release|Any CPU.ActiveCfg = Release|Any CPU
		{16C21B42-EB0B-40A8-9484-015C1708E07B}.Release|Any CPU.Build.0 = Release|Any CPU
		{C57F703B-6D4C-49C9-98E9-9AD6EE769096}.Debug|Any CPU.ActiveCfg = Debug|Any CPU
		{C57F703B-6D4C-49C9-98E9-9AD6EE769096}.Debug|Any CPU.Build.0 = Debug|Any CPU
		{C57F703B-6D4C-49C9-98E9-9AD6EE769096}.Release|Any CPU.ActiveCfg = Release|Any CPU
		{C57F703B-6D4C-49C9-98E9-9AD6EE769096}.Release|Any CPU.Build.0 = Release|Any CPU
	EndGlobalSection
	GlobalSection(SolutionProperties) = preSolution
		HideSolutionNode = FALSE
	EndGlobalSection
	GlobalSection(ExtensibilityGlobals) = postSolution
		SolutionGuid = {D29C8696-D7AF-4BEF-867B-194FCB893750}
	EndGlobalSection
EndGlobal
